
Microsoft Visual Studio Solution File, Format Version 12.00
# Visual Studio Version 17
VisualStudioVersion = 17.0.31903.59
MinimumVisualStudioVersion = 10.0.40219.1
Project("{FAE04EC0-301F-11D3-BF4B-00C04F79EFBC}") = "CanPany.Api", "CanPany.Api\CanPany.Api.csproj", "{5BFC6ED7-2770-C6F4-1715-1484B1EE51C8}"
EndProject
Project("{FAE04EC0-301F-11D3-BF4B-00C04F79EFBC}") = "CanPany.Application", "CanPany.Application\CanPany.Application.csproj", "{B6B53C50-06AD-A128-622E-EEBD35D46803}"
EndProject
Project("{FAE04EC0-301F-11D3-BF4B-00C04F79EFBC}") = "CanPany.Domain", "CanPany.Domain\CanPany.Domain.csproj", "{DB7041EC-DDA4-15C9-BF0C-F157774628D6}"
EndProject
Project("{FAE04EC0-301F-11D3-BF4B-00C04F79EFBC}") = "CanPany.Infrastructure", "CanPany.Infrastructure\CanPany.Infrastructure.csproj", "{62104DD1-FC2A-2929-BA50-261BAD5AC060}"
EndProject
Project("{FAE04EC0-301F-11D3-BF4B-00C04F79EFBC}") = "CanPany.Tests", "CanPany.Tests\CanPany.Tests.csproj", "{8BE8B096-9753-8098-17A2-CB969924ECD4}"
EndProject
Global
	GlobalSection(SolutionConfigurationPlatforms) = preSolution
		Debug|Any CPU = Debug|Any CPU
		Release|Any CPU = Release|Any CPU
	EndGlobalSection
	GlobalSection(ProjectConfigurationPlatforms) = postSolution
		{5BFC6ED7-2770-C6F4-1715-1484B1EE51C8}.Debug|Any CPU.ActiveCfg = Debug|Any CPU
		{5BFC6ED7-2770-C6F4-1715-1484B1EE51C8}.Debug|Any CPU.Build.0 = Debug|Any CPU
		{5BFC6ED7-2770-C6F4-1715-1484B1EE51C8}.Release|Any CPU.ActiveCfg = Release|Any CPU
		{5BFC6ED7-2770-C6F4-1715-1484B1EE51C8}.Release|Any CPU.Build.0 = Release|Any CPU
		{B6B53C50-06AD-A128-622E-EEBD35D46803}.Debug|Any CPU.ActiveCfg = Debug|Any CPU
		{B6B53C50-06AD-A128-622E-EEBD35D46803}.Debug|Any CPU.Build.0 = Debug|Any CPU
		{B6B53C50-06AD-A128-622E-EEBD35D46803}.Release|Any CPU.ActiveCfg = Release|Any CPU
		{B6B53C50-06AD-A128-622E-EEBD35D46803}.Release|Any CPU.Build.0 = Release|Any CPU
		{DB7041EC-DDA4-15C9-BF0C-F157774628D6}.Debug|Any CPU.ActiveCfg = Debug|Any CPU
		{DB7041EC-DDA4-15C9-BF0C-F157774628D6}.Debug|Any CPU.Build.0 = Debug|Any CPU
		{DB7041EC-DDA4-15C9-BF0C-F157774628D6}.Release|Any CPU.ActiveCfg = Release|Any CPU
		{DB7041EC-DDA4-15C9-BF0C-F157774628D6}.Release|Any CPU.Build.0 = Release|Any CPU
		{62104DD1-FC2A-2929-BA50-261BAD5AC060}.Debug|Any CPU.ActiveCfg = Debug|Any CPU
		{62104DD1-FC2A-2929-BA50-261BAD5AC060}.Debug|Any CPU.Build.0 = Debug|Any CPU
		{62104DD1-FC2A-2929-BA50-261BAD5AC060}.Release|Any CPU.ActiveCfg = Release|Any CPU
		{62104DD1-FC2A-2929-BA50-261BAD5AC060}.Release|Any CPU.Build.0 = Release|Any CPU
		{8BE8B096-9753-8098-17A2-CB969924ECD4}.Debug|Any CPU.ActiveCfg = Debug|Any CPU
		{8BE8B096-9753-8098-17A2-CB969924ECD4}.Debug|Any CPU.Build.0 = Debug|Any CPU
		{8BE8B096-9753-8098-17A2-CB969924ECD4}.Release|Any CPU.ActiveCfg = Release|Any CPU
		{8BE8B096-9753-8098-17A2-CB969924ECD4}.Release|Any CPU.Build.0 = Release|Any CPU
	EndGlobalSection
	GlobalSection(SolutionProperties) = preSolution
		HideSolutionNode = FALSE
	EndGlobalSection
EndGlobal
